// !$*UTF8*$!
{
	archiveVersion = 1;
	classes = {
	};
	objectVersion = 56;
	objects = {

/* Begin PBXBuildFile section */
		61F0219A2C36C34700960A62 /* AppDelegate.swift in Sources */ = {isa = PBXBuildFile; fileRef = 61F021992C36C34700960A62 /* AppDelegate.swift */; };
		61F0219C2C36C34700960A62 /* SceneDelegate.swift in Sources */ = {isa = PBXBuildFile; fileRef = 61F0219B2C36C34700960A62 /* SceneDelegate.swift */; };
		61F0219E2C36C34700960A62 /* HomeViewController.swift in Sources */ = {isa = PBXBuildFile; fileRef = 61F0219D2C36C34700960A62 /* HomeViewController.swift */; };
		61F021A12C36C34700960A62 /* Main.storyboard in Resources */ = {isa = PBXBuildFile; fileRef = 61F0219F2C36C34700960A62 /* Main.storyboard */; };
		61F021A32C36C34800960A62 /* Assets.xcassets in Resources */ = {isa = PBXBuildFile; fileRef = 61F021A22C36C34800960A62 /* Assets.xcassets */; };
		61F021A62C36C34800960A62 /* LaunchScreen.storyboard in Resources */ = {isa = PBXBuildFile; fileRef = 61F021A42C36C34800960A62 /* LaunchScreen.storyboard */; };
		61F021B82C3703AA00960A62 /* SnapKit in Frameworks */ = {isa = PBXBuildFile; productRef = 61F021B72C3703AA00960A62 /* SnapKit */; };
		61F021BB2C371A7D00960A62 /* HomeTableViewCell.swift in Sources */ = {isa = PBXBuildFile; fileRef = 61F021B92C371A7D00960A62 /* HomeTableViewCell.swift */; };
		61F021BC2C371A7D00960A62 /* HomeMovieTableViewCell.xib in Resources */ = {isa = PBXBuildFile; fileRef = 61F021BA2C371A7D00960A62 /* HomeMovieTableViewCell.xib */; };
		61F021BF2C38272F00960A62 /* Alamofire in Frameworks */ = {isa = PBXBuildFile; productRef = 61F021BE2C38272F00960A62 /* Alamofire */; };
		61F021C22C38287300960A62 /* Nuke in Frameworks */ = {isa = PBXBuildFile; productRef = 61F021C12C38287300960A62 /* Nuke */; };
		61F021CB2C3EF73000960A62 /* HomeMoviesViewModel.swift in Sources */ = {isa = PBXBuildFile; fileRef = 61F021CA2C3EF73000960A62 /* HomeMoviesViewModel.swift */; };
		61F021CF2C3EF7DC00960A62 /* MovieResponse.swift in Sources */ = {isa = PBXBuildFile; fileRef = 61F021CE2C3EF7DC00960A62 /* MovieResponse.swift */; };
		61F021D12C3EF7E500960A62 /* MovieModel.swift in Sources */ = {isa = PBXBuildFile; fileRef = 61F021D02C3EF7E500960A62 /* MovieModel.swift */; };
		61F021D32C3EF83100960A62 /* MovieAPI.swift in Sources */ = {isa = PBXBuildFile; fileRef = 61F021D22C3EF83100960A62 /* MovieAPI.swift */; };
		61F021D52C3EF8B400960A62 /* NetworkService.swift in Sources */ = {isa = PBXBuildFile; fileRef = 61F021D42C3EF8B400960A62 /* NetworkService.swift */; };
		61F021DA2C42D80100960A62 /* MovieAdditionalDetailsVC.swift in Sources */ = {isa = PBXBuildFile; fileRef = 61F021D92C42D80100960A62 /* MovieAdditionalDetailsVC.swift */; };
		61F021DC2C43C92D00960A62 /* Nuke in Frameworks */ = {isa = PBXBuildFile; productRef = 61F021DB2C43C92D00960A62 /* Nuke */; };
		61F021DE2C43C92D00960A62 /* NukeUI in Frameworks */ = {isa = PBXBuildFile; productRef = 61F021DD2C43C92D00960A62 /* NukeUI */; };
		61F021E02C43D1B300960A62 /* GenreModel.swift in Sources */ = {isa = PBXBuildFile; fileRef = 61F021DF2C43D1B300960A62 /* GenreModel.swift */; };
		61F021E22C43D77300960A62 /* MovieViewModel.swift in Sources */ = {isa = PBXBuildFile; fileRef = 61F021E12C43D77300960A62 /* MovieViewModel.swift */; };
		61F021E42C43F7F000960A62 /* LazyImageView+Extensions.swift in Sources */ = {isa = PBXBuildFile; fileRef = 61F021E32C43F7F000960A62 /* LazyImageView+Extensions.swift */; };
		61F021E72C441E9C00960A62 /* MovieResponseError.swift in Sources */ = {isa = PBXBuildFile; fileRef = 61F021E62C441E9C00960A62 /* MovieResponseError.swift */; };
		61F021E92C4430EB00960A62 /* NetworkError.swift in Sources */ = {isa = PBXBuildFile; fileRef = 61F021E82C4430EB00960A62 /* NetworkError.swift */; };
		61F021EB2C44E74C00960A62 /* ViewController+Extensions.swift in Sources */ = {isa = PBXBuildFile; fileRef = 61F021EA2C44E74C00960A62 /* ViewController+Extensions.swift */; };
		61F021ED2C44EC4F00960A62 /* MovieVideoResponse.swift in Sources */ = {isa = PBXBuildFile; fileRef = 61F021EC2C44EC4F00960A62 /* MovieVideoResponse.swift */; };
		61F021EF2C44F85E00960A62 /* YoutubePlayerVC.swift in Sources */ = {isa = PBXBuildFile; fileRef = 61F021EE2C44F85E00960A62 /* YoutubePlayerVC.swift */; };
		61F021F12C45064100960A62 /* FullScreenImageViewController.swift in Sources */ = {isa = PBXBuildFile; fileRef = 61F021F02C45064100960A62 /* FullScreenImageViewController.swift */; };
		61F021F42C45070300960A62 /* ImageScrollView in Frameworks */ = {isa = PBXBuildFile; productRef = 61F021F32C45070300960A62 /* ImageScrollView */; };
		61F021F72C4525E900960A62 /* UIViewControllerWithSpinner.swift in Sources */ = {isa = PBXBuildFile; fileRef = 61F021F62C4525E900960A62 /* UIViewControllerWithSpinner.swift */; };
/* End PBXBuildFile section */

/* Begin PBXFileReference section */
		61F021962C36C34700960A62 /* Movies.app */ = {isa = PBXFileReference; explicitFileType = wrapper.application; includeInIndex = 0; path = Movies.app; sourceTree = BUILT_PRODUCTS_DIR; };
		61F021992C36C34700960A62 /* AppDelegate.swift */ = {isa = PBXFileReference; lastKnownFileType = sourcecode.swift; path = AppDelegate.swift; sourceTree = "<group>"; };
		61F0219B2C36C34700960A62 /* SceneDelegate.swift */ = {isa = PBXFileReference; lastKnownFileType = sourcecode.swift; path = SceneDelegate.swift; sourceTree = "<group>"; };
		61F0219D2C36C34700960A62 /* HomeViewController.swift */ = {isa = PBXFileReference; lastKnownFileType = sourcecode.swift; path = HomeViewController.swift; sourceTree = "<group>"; };
		61F021A02C36C34700960A62 /* Base */ = {isa = PBXFileReference; lastKnownFileType = file.storyboard; name = Base; path = Base.lproj/Main.storyboard; sourceTree = "<group>"; };
		61F021A22C36C34800960A62 /* Assets.xcassets */ = {isa = PBXFileReference; lastKnownFileType = folder.assetcatalog; path = Assets.xcassets; sourceTree = "<group>"; };
		61F021A52C36C34800960A62 /* Base */ = {isa = PBXFileReference; lastKnownFileType = file.storyboard; name = Base; path = Base.lproj/LaunchScreen.storyboard; sourceTree = "<group>"; };
		61F021A72C36C34800960A62 /* Info.plist */ = {isa = PBXFileReference; lastKnownFileType = text.plist.xml; path = Info.plist; sourceTree = "<group>"; };
		61F021B92C371A7D00960A62 /* HomeTableViewCell.swift */ = {isa = PBXFileReference; lastKnownFileType = sourcecode.swift; path = HomeTableViewCell.swift; sourceTree = "<group>"; };
		61F021BA2C371A7D00960A62 /* HomeMovieTableViewCell.xib */ = {isa = PBXFileReference; lastKnownFileType = file.xib; path = HomeMovieTableViewCell.xib; sourceTree = "<group>"; };
		61F021CA2C3EF73000960A62 /* HomeMoviesViewModel.swift */ = {isa = PBXFileReference; lastKnownFileType = sourcecode.swift; path = HomeMoviesViewModel.swift; sourceTree = "<group>"; };
		61F021CE2C3EF7DC00960A62 /* MovieResponse.swift */ = {isa = PBXFileReference; lastKnownFileType = sourcecode.swift; path = MovieResponse.swift; sourceTree = "<group>"; };
		61F021D02C3EF7E500960A62 /* MovieModel.swift */ = {isa = PBXFileReference; lastKnownFileType = sourcecode.swift; path = MovieModel.swift; sourceTree = "<group>"; };
		61F021D22C3EF83100960A62 /* MovieAPI.swift */ = {isa = PBXFileReference; lastKnownFileType = sourcecode.swift; path = MovieAPI.swift; sourceTree = "<group>"; };
		61F021D42C3EF8B400960A62 /* NetworkService.swift */ = {isa = PBXFileReference; lastKnownFileType = sourcecode.swift; path = NetworkService.swift; sourceTree = "<group>"; };
		61F021D92C42D80100960A62 /* MovieAdditionalDetailsVC.swift */ = {isa = PBXFileReference; lastKnownFileType = sourcecode.swift; path = MovieAdditionalDetailsVC.swift; sourceTree = "<group>"; };
		61F021DF2C43D1B300960A62 /* GenreModel.swift */ = {isa = PBXFileReference; lastKnownFileType = sourcecode.swift; path = GenreModel.swift; sourceTree = "<group>"; };
		61F021E12C43D77300960A62 /* MovieViewModel.swift */ = {isa = PBXFileReference; lastKnownFileType = sourcecode.swift; path = MovieViewModel.swift; sourceTree = "<group>"; };
		61F021E32C43F7F000960A62 /* LazyImageView+Extensions.swift */ = {isa = PBXFileReference; lastKnownFileType = sourcecode.swift; path = "LazyImageView+Extensions.swift"; sourceTree = "<group>"; };
		61F021E62C441E9C00960A62 /* MovieResponseError.swift */ = {isa = PBXFileReference; lastKnownFileType = sourcecode.swift; path = MovieResponseError.swift; sourceTree = "<group>"; };
		61F021E82C4430EB00960A62 /* NetworkError.swift */ = {isa = PBXFileReference; lastKnownFileType = sourcecode.swift; path = NetworkError.swift; sourceTree = "<group>"; };
		61F021EA2C44E74C00960A62 /* ViewController+Extensions.swift */ = {isa = PBXFileReference; lastKnownFileType = sourcecode.swift; path = "ViewController+Extensions.swift"; sourceTree = "<group>"; };
		61F021EC2C44EC4F00960A62 /* MovieVideoResponse.swift */ = {isa = PBXFileReference; lastKnownFileType = sourcecode.swift; path = MovieVideoResponse.swift; sourceTree = "<group>"; };
		61F021EE2C44F85E00960A62 /* YoutubePlayerVC.swift */ = {isa = PBXFileReference; lastKnownFileType = sourcecode.swift; path = YoutubePlayerVC.swift; sourceTree = "<group>"; };
		61F021F02C45064100960A62 /* FullScreenImageViewController.swift */ = {isa = PBXFileReference; lastKnownFileType = sourcecode.swift; path = FullScreenImageViewController.swift; sourceTree = "<group>"; };
		61F021F62C4525E900960A62 /* UIViewControllerWithSpinner.swift */ = {isa = PBXFileReference; lastKnownFileType = sourcecode.swift; path = UIViewControllerWithSpinner.swift; sourceTree = "<group>"; };
/* End PBXFileReference section */

/* Begin PBXFrameworksBuildPhase section */
		61F021932C36C34700960A62 /* Frameworks */ = {
			isa = PBXFrameworksBuildPhase;
			buildActionMask = 2147483647;
			files = (
				61F021DE2C43C92D00960A62 /* NukeUI in Frameworks */,
				61F021C22C38287300960A62 /* Nuke in Frameworks */,
				61F021B82C3703AA00960A62 /* SnapKit in Frameworks */,
				61F021BF2C38272F00960A62 /* Alamofire in Frameworks */,
				61F021F42C45070300960A62 /* ImageScrollView in Frameworks */,
				61F021DC2C43C92D00960A62 /* Nuke in Frameworks */,
			);
			runOnlyForDeploymentPostprocessing = 0;
		};
/* End PBXFrameworksBuildPhase section */

/* Begin PBXGroup section */
		61F0218D2C36C34600960A62 = {
			isa = PBXGroup;
			children = (
				61F021982C36C34700960A62 /* Movies */,
				61F021C32C3EF5F900960A62 /* Supporting */,
				61F021972C36C34700960A62 /* Products */,
			);
			sourceTree = "<group>";
		};
		61F021972C36C34700960A62 /* Products */ = {
			isa = PBXGroup;
			children = (
				61F021962C36C34700960A62 /* Movies.app */,
			);
			name = Products;
			sourceTree = "<group>";
		};
		61F021982C36C34700960A62 /* Movies */ = {
			isa = PBXGroup;
			children = (
				61F021F52C4525CF00960A62 /* ViewControllers */,
				61F021E52C4402B400960A62 /* ViewModels */,
				61F021C62C3EF68100960A62 /* HomeView */,
				61F021D82C42D74800960A62 /* AdditionalDetailsView */,
				61F021CC2C3EF77800960A62 /* Network */,
				61F021CD2C3EF7AA00960A62 /* Models */,
				61F0219F2C36C34700960A62 /* Main.storyboard */,
				61F021A42C36C34800960A62 /* LaunchScreen.storyboard */,
				61F021A72C36C34800960A62 /* Info.plist */,
			);
			path = Movies;
			sourceTree = "<group>";
		};
		61F021C32C3EF5F900960A62 /* Supporting */ = {
			isa = PBXGroup;
			children = (
				61F021992C36C34700960A62 /* AppDelegate.swift */,
				61F0219B2C36C34700960A62 /* SceneDelegate.swift */,
				61F021A22C36C34800960A62 /* Assets.xcassets */,
				61F021E32C43F7F000960A62 /* LazyImageView+Extensions.swift */,
				61F021EA2C44E74C00960A62 /* ViewController+Extensions.swift */,
			);
			path = Supporting;
			sourceTree = "<group>";
		};
		61F021C62C3EF68100960A62 /* HomeView */ = {
			isa = PBXGroup;
			children = (
				61F0219D2C36C34700960A62 /* HomeViewController.swift */,
				61F021CA2C3EF73000960A62 /* HomeMoviesViewModel.swift */,
				61F021C82C3EF6FC00960A62 /* MovieCell */,
			);
			path = HomeView;
			sourceTree = "<group>";
		};
		61F021C82C3EF6FC00960A62 /* MovieCell */ = {
			isa = PBXGroup;
			children = (
				61F021B92C371A7D00960A62 /* HomeTableViewCell.swift */,
				61F021BA2C371A7D00960A62 /* HomeMovieTableViewCell.xib */,
			);
			path = MovieCell;
			sourceTree = "<group>";
		};
		61F021CC2C3EF77800960A62 /* Network */ = {
			isa = PBXGroup;
			children = (
				61F021D22C3EF83100960A62 /* MovieAPI.swift */,
				61F021D42C3EF8B400960A62 /* NetworkService.swift */,
				61F021E62C441E9C00960A62 /* MovieResponseError.swift */,
				61F021E82C4430EB00960A62 /* NetworkError.swift */,
			);
			path = Network;
			sourceTree = "<group>";
		};
		61F021CD2C3EF7AA00960A62 /* Models */ = {
			isa = PBXGroup;
			children = (
				61F021D02C3EF7E500960A62 /* MovieModel.swift */,
				61F021DF2C43D1B300960A62 /* GenreModel.swift */,
				61F021EC2C44EC4F00960A62 /* MovieVideoResponse.swift */,
				61F021CE2C3EF7DC00960A62 /* MovieResponse.swift */,
			);
			path = Models;
			sourceTree = "<group>";
		};
		61F021D82C42D74800960A62 /* AdditionalDetailsView */ = {
			isa = PBXGroup;
			children = (
				61F021D92C42D80100960A62 /* MovieAdditionalDetailsVC.swift */,
				61F021F02C45064100960A62 /* FullScreenImageViewController.swift */,
				61F021EE2C44F85E00960A62 /* YoutubePlayerVC.swift */,
			);
			path = AdditionalDetailsView;
			sourceTree = "<group>";
		};
		61F021E52C4402B400960A62 /* ViewModels */ = {
			isa = PBXGroup;
			children = (
				61F021E12C43D77300960A62 /* MovieViewModel.swift */,
			);
			path = ViewModels;
			sourceTree = "<group>";
		};
		61F021F52C4525CF00960A62 /* ViewControllers */ = {
			isa = PBXGroup;
			children = (
				61F021F62C4525E900960A62 /* UIViewControllerWithSpinner.swift */,
			);
			path = ViewControllers;
			sourceTree = "<group>";
		};
/* End PBXGroup section */

/* Begin PBXNativeTarget section */
		61F021952C36C34700960A62 /* Movies */ = {
			isa = PBXNativeTarget;
			buildConfigurationList = 61F021AA2C36C34800960A62 /* Build configuration list for PBXNativeTarget "Movies" */;
			buildPhases = (
				61F021922C36C34700960A62 /* Sources */,
				61F021932C36C34700960A62 /* Frameworks */,
				61F021942C36C34700960A62 /* Resources */,
			);
			buildRules = (
			);
			dependencies = (
			);
			name = Movies;
			packageProductDependencies = (
				61F021B72C3703AA00960A62 /* SnapKit */,
				61F021BE2C38272F00960A62 /* Alamofire */,
				61F021C12C38287300960A62 /* Nuke */,
				61F021DB2C43C92D00960A62 /* Nuke */,
				61F021DD2C43C92D00960A62 /* NukeUI */,
				61F021F32C45070300960A62 /* ImageScrollView */,
			);
			productName = Movies;
			productReference = 61F021962C36C34700960A62 /* Movies.app */;
			productType = "com.apple.product-type.application";
		};
/* End PBXNativeTarget section */

/* Begin PBXProject section */
		61F0218E2C36C34600960A62 /* Project object */ = {
			isa = PBXProject;
			attributes = {
				BuildIndependentTargetsInParallel = 1;
				LastSwiftUpdateCheck = 1520;
				LastUpgradeCheck = 1520;
				TargetAttributes = {
					61F021952C36C34700960A62 = {
						CreatedOnToolsVersion = 15.2;
					};
				};
			};
			buildConfigurationList = 61F021912C36C34600960A62 /* Build configuration list for PBXProject "Movies" */;
			compatibilityVersion = "Xcode 14.0";
			developmentRegion = en;
			hasScannedForEncodings = 0;
			knownRegions = (
				en,
				Base,
			);
			mainGroup = 61F0218D2C36C34600960A62;
			packageReferences = (
				61F021B62C3703AA00960A62 /* XCRemoteSwiftPackageReference "SnapKit" */,
				61F021BD2C38272F00960A62 /* XCRemoteSwiftPackageReference "Alamofire" */,
				61F021C02C38287300960A62 /* XCRemoteSwiftPackageReference "Nuke" */,
				61F021F22C45070300960A62 /* XCRemoteSwiftPackageReference "ImageScrollView" */,
			);
			productRefGroup = 61F021972C36C34700960A62 /* Products */;
			projectDirPath = "";
			projectRoot = "";
			targets = (
				61F021952C36C34700960A62 /* Movies */,
			);
		};
/* End PBXProject section */

/* Begin PBXResourcesBuildPhase section */
		61F021942C36C34700960A62 /* Resources */ = {
			isa = PBXResourcesBuildPhase;
			buildActionMask = 2147483647;
			files = (
				61F021A62C36C34800960A62 /* LaunchScreen.storyboard in Resources */,
				61F021BC2C371A7D00960A62 /* HomeMovieTableViewCell.xib in Resources */,
				61F021A32C36C34800960A62 /* Assets.xcassets in Resources */,
				61F021A12C36C34700960A62 /* Main.storyboard in Resources */,
			);
			runOnlyForDeploymentPostprocessing = 0;
		};
/* End PBXResourcesBuildPhase section */

/* Begin PBXSourcesBuildPhase section */
		61F021922C36C34700960A62 /* Sources */ = {
			isa = PBXSourcesBuildPhase;
			buildActionMask = 2147483647;
			files = (
				61F021F72C4525E900960A62 /* UIViewControllerWithSpinner.swift in Sources */,
				61F021D12C3EF7E500960A62 /* MovieModel.swift in Sources */,
				61F0219E2C36C34700960A62 /* HomeViewController.swift in Sources */,
				61F021E22C43D77300960A62 /* MovieViewModel.swift in Sources */,
				61F0219A2C36C34700960A62 /* AppDelegate.swift in Sources */,
				61F021EB2C44E74C00960A62 /* ViewController+Extensions.swift in Sources */,
				61F021E92C4430EB00960A62 /* NetworkError.swift in Sources */,
				61F021E72C441E9C00960A62 /* MovieResponseError.swift in Sources */,
				61F021D32C3EF83100960A62 /* MovieAPI.swift in Sources */,
				61F021DA2C42D80100960A62 /* MovieAdditionalDetailsVC.swift in Sources */,
				61F021D52C3EF8B400960A62 /* NetworkService.swift in Sources */,
				61F0219C2C36C34700960A62 /* SceneDelegate.swift in Sources */,
				61F021CF2C3EF7DC00960A62 /* MovieResponse.swift in Sources */,
				61F021CB2C3EF73000960A62 /* HomeMoviesViewModel.swift in Sources */,
				61F021E42C43F7F000960A62 /* LazyImageView+Extensions.swift in Sources */,
				61F021E02C43D1B300960A62 /* GenreModel.swift in Sources */,
				61F021EF2C44F85E00960A62 /* YoutubePlayerVC.swift in Sources */,
				61F021BB2C371A7D00960A62 /* HomeTableViewCell.swift in Sources */,
				61F021F12C45064100960A62 /* FullScreenImageViewController.swift in Sources */,
				61F021ED2C44EC4F00960A62 /* MovieVideoResponse.swift in Sources */,
			);
			runOnlyForDeploymentPostprocessing = 0;
		};
/* End PBXSourcesBuildPhase section */

/* Begin PBXVariantGroup section */
		61F0219F2C36C34700960A62 /* Main.storyboard */ = {
			isa = PBXVariantGroup;
			children = (
				61F021A02C36C34700960A62 /* Base */,
			);
			name = Main.storyboard;
			sourceTree = "<group>";
		};
		61F021A42C36C34800960A62 /* LaunchScreen.storyboard */ = {
			isa = PBXVariantGroup;
			children = (
				61F021A52C36C34800960A62 /* Base */,
			);
			name = LaunchScreen.storyboard;
			sourceTree = "<group>";
		};
/* End PBXVariantGroup section */

/* Begin XCBuildConfiguration section */
		61F021A82C36C34800960A62 /* Debug */ = {
			isa = XCBuildConfiguration;
			buildSettings = {
				ALWAYS_SEARCH_USER_PATHS = NO;
				ASSETCATALOG_COMPILER_GENERATE_SWIFT_ASSET_SYMBOL_EXTENSIONS = YES;
				CLANG_ANALYZER_NONNULL = YES;
				CLANG_ANALYZER_NUMBER_OBJECT_CONVERSION = YES_AGGRESSIVE;
				CLANG_CXX_LANGUAGE_STANDARD = "gnu++20";
				CLANG_ENABLE_MODULES = YES;
				CLANG_ENABLE_OBJC_ARC = YES;
				CLANG_ENABLE_OBJC_WEAK = YES;
				CLANG_WARN_BLOCK_CAPTURE_AUTORELEASING = YES;
				CLANG_WARN_BOOL_CONVERSION = YES;
				CLANG_WARN_COMMA = YES;
				CLANG_WARN_CONSTANT_CONVERSION = YES;
				CLANG_WARN_DEPRECATED_OBJC_IMPLEMENTATIONS = YES;
				CLANG_WARN_DIRECT_OBJC_ISA_USAGE = YES_ERROR;
				CLANG_WARN_DOCUMENTATION_COMMENTS = YES;
				CLANG_WARN_EMPTY_BODY = YES;
				CLANG_WARN_ENUM_CONVERSION = YES;
				CLANG_WARN_INFINITE_RECURSION = YES;
				CLANG_WARN_INT_CONVERSION = YES;
				CLANG_WARN_NON_LITERAL_NULL_CONVERSION = YES;
				CLANG_WARN_OBJC_IMPLICIT_RETAIN_SELF = YES;
				CLANG_WARN_OBJC_LITERAL_CONVERSION = YES;
				CLANG_WARN_OBJC_ROOT_CLASS = YES_ERROR;
				CLANG_WARN_QUOTED_INCLUDE_IN_FRAMEWORK_HEADER = YES;
				CLANG_WARN_RANGE_LOOP_ANALYSIS = YES;
				CLANG_WARN_STRICT_PROTOTYPES = YES;
				CLANG_WARN_SUSPICIOUS_MOVE = YES;
				CLANG_WARN_UNGUARDED_AVAILABILITY = YES_AGGRESSIVE;
				CLANG_WARN_UNREACHABLE_CODE = YES;
				CLANG_WARN__DUPLICATE_METHOD_MATCH = YES;
				COPY_PHASE_STRIP = NO;
				DEBUG_INFORMATION_FORMAT = dwarf;
				ENABLE_STRICT_OBJC_MSGSEND = YES;
				ENABLE_TESTABILITY = YES;
				ENABLE_USER_SCRIPT_SANDBOXING = YES;
				GCC_C_LANGUAGE_STANDARD = gnu17;
				GCC_DYNAMIC_NO_PIC = NO;
				GCC_NO_COMMON_BLOCKS = YES;
				GCC_OPTIMIZATION_LEVEL = 0;
				GCC_PREPROCESSOR_DEFINITIONS = (
					"DEBUG=1",
					"$(inherited)",
				);
				GCC_WARN_64_TO_32_BIT_CONVERSION = YES;
				GCC_WARN_ABOUT_RETURN_TYPE = YES_ERROR;
				GCC_WARN_UNDECLARED_SELECTOR = YES;
				GCC_WARN_UNINITIALIZED_AUTOS = YES_AGGRESSIVE;
				GCC_WARN_UNUSED_FUNCTION = YES;
				GCC_WARN_UNUSED_VARIABLE = YES;
				IPHONEOS_DEPLOYMENT_TARGET = 17.2;
				LOCALIZATION_PREFERS_STRING_CATALOGS = YES;
				MTL_ENABLE_DEBUG_INFO = INCLUDE_SOURCE;
				MTL_FAST_MATH = YES;
				ONLY_ACTIVE_ARCH = YES;
				SDKROOT = iphoneos;
				SWIFT_ACTIVE_COMPILATION_CONDITIONS = "DEBUG $(inherited)";
				SWIFT_OPTIMIZATION_LEVEL = "-Onone";
			};
			name = Debug;
		};
		61F021A92C36C34800960A62 /* Release */ = {
			isa = XCBuildConfiguration;
			buildSettings = {
				ALWAYS_SEARCH_USER_PATHS = NO;
				ASSETCATALOG_COMPILER_GENERATE_SWIFT_ASSET_SYMBOL_EXTENSIONS = YES;
				CLANG_ANALYZER_NONNULL = YES;
				CLANG_ANALYZER_NUMBER_OBJECT_CONVERSION = YES_AGGRESSIVE;
				CLANG_CXX_LANGUAGE_STANDARD = "gnu++20";
				CLANG_ENABLE_MODULES = YES;
				CLANG_ENABLE_OBJC_ARC = YES;
				CLANG_ENABLE_OBJC_WEAK = YES;
				CLANG_WARN_BLOCK_CAPTURE_AUTORELEASING = YES;
				CLANG_WARN_BOOL_CONVERSION = YES;
				CLANG_WARN_COMMA = YES;
				CLANG_WARN_CONSTANT_CONVERSION = YES;
				CLANG_WARN_DEPRECATED_OBJC_IMPLEMENTATIONS = YES;
				CLANG_WARN_DIRECT_OBJC_ISA_USAGE = YES_ERROR;
				CLANG_WARN_DOCUMENTATION_COMMENTS = YES;
				CLANG_WARN_EMPTY_BODY = YES;
				CLANG_WARN_ENUM_CONVERSION = YES;
				CLANG_WARN_INFINITE_RECURSION = YES;
				CLANG_WARN_INT_CONVERSION = YES;
				CLANG_WARN_NON_LITERAL_NULL_CONVERSION = YES;
				CLANG_WARN_OBJC_IMPLICIT_RETAIN_SELF = YES;
				CLANG_WARN_OBJC_LITERAL_CONVERSION = YES;
				CLANG_WARN_OBJC_ROOT_CLASS = YES_ERROR;
				CLANG_WARN_QUOTED_INCLUDE_IN_FRAMEWORK_HEADER = YES;
				CLANG_WARN_RANGE_LOOP_ANALYSIS = YES;
				CLANG_WARN_STRICT_PROTOTYPES = YES;
				CLANG_WARN_SUSPICIOUS_MOVE = YES;
				CLANG_WARN_UNGUARDED_AVAILABILITY = YES_AGGRESSIVE;
				CLANG_WARN_UNREACHABLE_CODE = YES;
				CLANG_WARN__DUPLICATE_METHOD_MATCH = YES;
				COPY_PHASE_STRIP = NO;
				DEBUG_INFORMATION_FORMAT = "dwarf-with-dsym";
				ENABLE_NS_ASSERTIONS = NO;
				ENABLE_STRICT_OBJC_MSGSEND = YES;
				ENABLE_USER_SCRIPT_SANDBOXING = YES;
				GCC_C_LANGUAGE_STANDARD = gnu17;
				GCC_NO_COMMON_BLOCKS = YES;
				GCC_WARN_64_TO_32_BIT_CONVERSION = YES;
				GCC_WARN_ABOUT_RETURN_TYPE = YES_ERROR;
				GCC_WARN_UNDECLARED_SELECTOR = YES;
				GCC_WARN_UNINITIALIZED_AUTOS = YES_AGGRESSIVE;
				GCC_WARN_UNUSED_FUNCTION = YES;
				GCC_WARN_UNUSED_VARIABLE = YES;
				IPHONEOS_DEPLOYMENT_TARGET = 17.2;
				LOCALIZATION_PREFERS_STRING_CATALOGS = YES;
				MTL_ENABLE_DEBUG_INFO = NO;
				MTL_FAST_MATH = YES;
				SDKROOT = iphoneos;
				SWIFT_COMPILATION_MODE = wholemodule;
				VALIDATE_PRODUCT = YES;
			};
			name = Release;
		};
		61F021AB2C36C34800960A62 /* Debug */ = {
			isa = XCBuildConfiguration;
			buildSettings = {
				ASSETCATALOG_COMPILER_APPICON_NAME = AppIcon;
				ASSETCATALOG_COMPILER_GLOBAL_ACCENT_COLOR_NAME = AccentColor;
				CODE_SIGN_STYLE = Automatic;
				CURRENT_PROJECT_VERSION = 1;
				DEVELOPMENT_TEAM = ZG7535M7XW;
				GENERATE_INFOPLIST_FILE = YES;
				INFOPLIST_FILE = Movies/Info.plist;
				INFOPLIST_KEY_UIApplicationSupportsIndirectInputEvents = YES;
				INFOPLIST_KEY_UILaunchStoryboardName = LaunchScreen;
				INFOPLIST_KEY_UIMainStoryboardFile = Main;
				INFOPLIST_KEY_UISupportedInterfaceOrientations_iPad = "UIInterfaceOrientationPortrait UIInterfaceOrientationPortraitUpsideDown UIInterfaceOrientationLandscapeLeft UIInterfaceOrientationLandscapeRight";
				INFOPLIST_KEY_UISupportedInterfaceOrientations_iPhone = "UIInterfaceOrientationPortrait UIInterfaceOrientationLandscapeLeft UIInterfaceOrientationLandscapeRight";
				IPHONEOS_DEPLOYMENT_TARGET = 15.0;
				LD_RUNPATH_SEARCH_PATHS = (
					"$(inherited)",
					"@executable_path/Frameworks",
				);
				MARKETING_VERSION = 1.0;
				PRODUCT_BUNDLE_IDENTIFIER = codeco.Movies;
				PRODUCT_NAME = "$(TARGET_NAME)";
				SWIFT_EMIT_LOC_STRINGS = YES;
				SWIFT_VERSION = 5.0;
				TARGETED_DEVICE_FAMILY = "1,2";
			};
			name = Debug;
		};
		61F021AC2C36C34800960A62 /* Release */ = {
			isa = XCBuildConfiguration;
			buildSettings = {
				ASSETCATALOG_COMPILER_APPICON_NAME = AppIcon;
				ASSETCATALOG_COMPILER_GLOBAL_ACCENT_COLOR_NAME = AccentColor;
				CODE_SIGN_STYLE = Automatic;
				CURRENT_PROJECT_VERSION = 1;
				DEVELOPMENT_TEAM = ZG7535M7XW;
				GENERATE_INFOPLIST_FILE = YES;
				INFOPLIST_FILE = Movies/Info.plist;
				INFOPLIST_KEY_UIApplicationSupportsIndirectInputEvents = YES;
				INFOPLIST_KEY_UILaunchStoryboardName = LaunchScreen;
				INFOPLIST_KEY_UIMainStoryboardFile = Main;
				INFOPLIST_KEY_UISupportedInterfaceOrientations_iPad = "UIInterfaceOrientationPortrait UIInterfaceOrientationPortraitUpsideDown UIInterfaceOrientationLandscapeLeft UIInterfaceOrientationLandscapeRight";
				INFOPLIST_KEY_UISupportedInterfaceOrientations_iPhone = "UIInterfaceOrientationPortrait UIInterfaceOrientationLandscapeLeft UIInterfaceOrientationLandscapeRight";
				IPHONEOS_DEPLOYMENT_TARGET = 15.0;
				LD_RUNPATH_SEARCH_PATHS = (
					"$(inherited)",
					"@executable_path/Frameworks",
				);
				MARKETING_VERSION = 1.0;
				PRODUCT_BUNDLE_IDENTIFIER = codeco.Movies;
				PRODUCT_NAME = "$(TARGET_NAME)";
				SWIFT_EMIT_LOC_STRINGS = YES;
				SWIFT_VERSION = 5.0;
				TARGETED_DEVICE_FAMILY = "1,2";
			};
			name = Release;
		};
/* End XCBuildConfiguration section */

/* Begin XCConfigurationList section */
		61F021912C36C34600960A62 /* Build configuration list for PBXProject "Movies" */ = {
			isa = XCConfigurationList;
			buildConfigurations = (
				61F021A82C36C34800960A62 /* Debug */,
				61F021A92C36C34800960A62 /* Release */,
			);
			defaultConfigurationIsVisible = 0;
			defaultConfigurationName = Release;
		};
		61F021AA2C36C34800960A62 /* Build configuration list for PBXNativeTarget "Movies" */ = {
			isa = XCConfigurationList;
			buildConfigurations = (
				61F021AB2C36C34800960A62 /* Debug */,
				61F021AC2C36C34800960A62 /* Release */,
			);
			defaultConfigurationIsVisible = 0;
			defaultConfigurationName = Release;
		};
/* End XCConfigurationList section */

/* Begin XCRemoteSwiftPackageReference section */
		61F021B62C3703AA00960A62 /* XCRemoteSwiftPackageReference "SnapKit" */ = {
			isa = XCRemoteSwiftPackageReference;
			repositoryURL = "https://github.com/SnapKit/SnapKit";
			requirement = {
				kind = upToNextMajorVersion;
				minimumVersion = 5.7.1;
			};
		};
		61F021BD2C38272F00960A62 /* XCRemoteSwiftPackageReference "Alamofire" */ = {
			isa = XCRemoteSwiftPackageReference;
			repositoryURL = "https://github.com/Alamofire/Alamofire.git";
			requirement = {
				kind = upToNextMajorVersion;
				minimumVersion = 5.9.1;
			};
		};
		61F021C02C38287300960A62 /* XCRemoteSwiftPackageReference "Nuke" */ = {
			isa = XCRemoteSwiftPackageReference;
			repositoryURL = "https://github.com/kean/Nuke.git";
			requirement = {
				kind = upToNextMajorVersion;
				minimumVersion = 12.7.3;
			};
		};
		61F021F22C45070300960A62 /* XCRemoteSwiftPackageReference "ImageScrollView" */ = {
			isa = XCRemoteSwiftPackageReference;
			repositoryURL = "https://github.com/huynguyencong/ImageScrollView.git";
			requirement = {
				kind = upToNextMajorVersion;
				minimumVersion = 1.9.3;
			};
		};
/* End XCRemoteSwiftPackageReference section */

/* Begin XCSwiftPackageProductDependency section */
		61F021B72C3703AA00960A62 /* SnapKit */ = {
			isa = XCSwiftPackageProductDependency;
			package = 61F021B62C3703AA00960A62 /* XCRemoteSwiftPackageReference "SnapKit" */;
			productName = SnapKit;
		};
		61F021BE2C38272F00960A62 /* Alamofire */ = {
			isa = XCSwiftPackageProductDependency;
			package = 61F021BD2C38272F00960A62 /* XCRemoteSwiftPackageReference "Alamofire" */;
			productName = Alamofire;
		};
		61F021C12C38287300960A62 /* Nuke */ = {
			isa = XCSwiftPackageProductDependency;
			package = 61F021C02C38287300960A62 /* XCRemoteSwiftPackageReference "Nuke" */;
			productName = Nuke;
		};
		61F021DB2C43C92D00960A62 /* Nuke */ = {
			isa = XCSwiftPackageProductDependency;
			package = 61F021C02C38287300960A62 /* XCRemoteSwiftPackageReference "Nuke" */;
			productName = Nuke;
		};
		61F021DD2C43C92D00960A62 /* NukeUI */ = {
			isa = XCSwiftPackageProductDependency;
			package = 61F021C02C38287300960A62 /* XCRemoteSwiftPackageReference "Nuke" */;
			productName = NukeUI;
		};
		61F021F32C45070300960A62 /* ImageScrollView */ = {
			isa = XCSwiftPackageProductDependency;
			package = 61F021F22C45070300960A62 /* XCRemoteSwiftPackageReference "ImageScrollView" */;
			productName = ImageScrollView;
		};
/* End XCSwiftPackageProductDependency section */
	};
	rootObject = 61F0218E2C36C34600960A62 /* Project object */;
}
